
Microsoft Visual Studio Solution File, Format Version 12.00
# Visual Studio 15
Project("{FAE04EC0-301F-11D3-BF4B-00C04F79EFBC}") = "VuforiaScripts", "VuforiaScripts.csproj", "{866FFA6C-D494-277B-E8FC-35DA5BE58884}"
EndProject
Project("{FAE04EC0-301F-11D3-BF4B-00C04F79EFBC}") = "Assembly-CSharp", "Assembly-CSharp.csproj", "{782B3858-C2AC-B18D-58DC-D8FF60F4174D}"
EndProject
Project("{FAE04EC0-301F-11D3-BF4B-00C04F79EFBC}") = "VuforiaEditorScripts", "VuforiaEditorScripts.csproj", "{96266C10-C891-C8AF-A416-F95DCFD82C62}"
EndProject
Global
	GlobalSection(SolutionConfigurationPlatforms) = preSolution
		Debug|Any CPU = Debug|Any CPU
		Release|Any CPU = Release|Any CPU
	EndGlobalSection
	GlobalSection(ProjectConfigurationPlatforms) = postSolution
		{866FFA6C-D494-277B-E8FC-35DA5BE58884}.Debug|Any CPU.ActiveCfg = Debug|Any CPU
		{866FFA6C-D494-277B-E8FC-35DA5BE58884}.Debug|Any CPU.Build.0 = Debug|Any CPU
		{866FFA6C-D494-277B-E8FC-35DA5BE58884}.Release|Any CPU.ActiveCfg = Release|Any CPU
		{866FFA6C-D494-277B-E8FC-35DA5BE58884}.Release|Any CPU.Build.0 = Release|Any CPU
		{782B3858-C2AC-B18D-58DC-D8FF60F4174D}.Debug|Any CPU.ActiveCfg = Debug|Any CPU
		{782B3858-C2AC-B18D-58DC-D8FF60F4174D}.Debug|Any CPU.Build.0 = Debug|Any CPU
		{782B3858-C2AC-B18D-58DC-D8FF60F4174D}.Release|Any CPU.ActiveCfg = Release|Any CPU
		{782B3858-C2AC-B18D-58DC-D8FF60F4174D}.Release|Any CPU.Build.0 = Release|Any CPU
		{96266C10-C891-C8AF-A416-F95DCFD82C62}.Debug|Any CPU.ActiveCfg = Debug|Any CPU
		{96266C10-C891-C8AF-A416-F95DCFD82C62}.Debug|Any CPU.Build.0 = Debug|Any CPU
		{96266C10-C891-C8AF-A416-F95DCFD82C62}.Release|Any CPU.ActiveCfg = Release|Any CPU
		{96266C10-C891-C8AF-A416-F95DCFD82C62}.Release|Any CPU.Build.0 = Release|Any CPU
	EndGlobalSection
	GlobalSection(SolutionProperties) = preSolution
		HideSolutionNode = FALSE
	EndGlobalSection
EndGlobal
